{
  "nodes": {
    "copilot-el": {
      "flake": false,
      "locked": {
        "lastModified": 1708637353,
        "narHash": "sha256-BT2II+3AYdagq1zQG82dGf7K2nIyTG0cFKbqdIixkbg=",
        "owner": "zerolfx",
        "repo": "copilot.el",
        "rev": "fd4d7e8c1e95aa9d3967b19905c9b8c3e03f6a5c",
        "type": "github"
      },
      "original": {
        "owner": "zerolfx",
        "repo": "copilot.el",
        "type": "github"
      }
    },
    "dape": {
      "flake": false,
      "locked": {
        "lastModified": 1709151701,
        "narHash": "sha256-MpTpz5uh4A8ul6p9IGzxz149mIp3jFVJoaQXh64X2XA=",
        "owner": "svaante",
        "repo": "dape",
        "rev": "0d38f79bc6501febb4c846e8e0bdc4e58b6caf85",
        "type": "github"
      },
      "original": {
        "owner": "svaante",
        "repo": "dape",
        "type": "github"
      }
    },
    "flake-utils": {
      "inputs": {
        "systems": "systems"
      },
      "locked": {
        "lastModified": 1709126324,
        "narHash": "sha256-q6EQdSeUZOG26WelxqkmR7kArjgWCdw5sfJVHPH/7j8=",
        "owner": "numtide",
        "repo": "flake-utils",
        "rev": "d465f4819400de7c8d874d50b982301f28a84605",
        "type": "github"
      },
      "original": {
        "owner": "numtide",
        "repo": "flake-utils",
        "type": "github"
      }
    },
    "flake-utils_2": {
      "inputs": {
        "systems": "systems_2"
      },
      "locked": {
        "lastModified": 1709126324,
        "narHash": "sha256-q6EQdSeUZOG26WelxqkmR7kArjgWCdw5sfJVHPH/7j8=",
        "owner": "numtide",
        "repo": "flake-utils",
        "rev": "d465f4819400de7c8d874d50b982301f28a84605",
        "type": "github"
      },
      "original": {
        "owner": "numtide",
        "repo": "flake-utils",
        "type": "github"
      }
    },
    "flake-utils_3": {
      "inputs": {
        "systems": "systems_3"
      },
      "locked": {
        "lastModified": 1701680307,
        "narHash": "sha256-kAuep2h5ajznlPMD9rnQyffWG8EM/C73lejGofXvdM8=",
        "owner": "numtide",
        "repo": "flake-utils",
        "rev": "4022d587cbbfd70fe950c1e2083a02621806a725",
        "type": "github"
      },
      "original": {
        "owner": "numtide",
        "repo": "flake-utils",
        "type": "github"
      }
    },
    "home-manager": {
      "inputs": {
        "nixpkgs": [
          "nixpkgs"
        ]
      },
      "locked": {
        "lastModified": 1708988456,
        "narHash": "sha256-RCz7Xe64tN2zgWk+MVHkzg224znwqknJ1RnB7rVqUWw=",
        "owner": "nix-community",
        "repo": "home-manager",
        "rev": "1d085ea4444d26aa52297758b333b449b2aa6fca",
        "type": "github"
      },
      "original": {
        "owner": "nix-community",
        "repo": "home-manager",
        "type": "github"
      }
    },
    "indent-bars": {
      "flake": false,
      "locked": {
        "lastModified": 1708812669,
        "narHash": "sha256-X1uQO13H4ESDWj3wfiwKe78hR4GMbfpm8By1R7yBYHg=",
        "owner": "jdtsmith",
        "repo": "indent-bars",
        "rev": "7acbd9124ba054a12bdfc352806f03bd7b180881",
        "type": "github"
      },
      "original": {
        "owner": "jdtsmith",
        "repo": "indent-bars",
        "type": "github"
      }
    },
    "midnight-nvim": {
      "flake": false,
      "locked": {
        "lastModified": 1708792234,
        "narHash": "sha256-wkXMmFGLjm5MyLz5SkSVWf8R8PCFdjXoh/04JwKfV6o=",
        "owner": "dasupradyumna",
        "repo": "midnight.nvim",
        "rev": "b5a1dd02a3c2ddc56de8466da45895b19981584a",
        "type": "github"
      },
      "original": {
        "owner": "dasupradyumna",
        "repo": "midnight.nvim",
        "type": "github"
      }
    },
    "myNeovimFlake": {
      "inputs": {
        "flake-utils": "flake-utils_2",
        "midnight-nvim": "midnight-nvim",
        "neovim": "neovim",
        "nixpkgs": "nixpkgs"
      },
      "locked": {
        "lastModified": 1709160026,
        "narHash": "sha256-WJVJLhrFfPlSQMoF/VbmmKUqhMo/LB/AUQhHYcCL2Kw=",
        "owner": "KristianAN",
        "repo": "neovim-flake",
        "rev": "32e66fbe018c299576f91082f109c853c5e61c07",
        "type": "github"
      },
      "original": {
        "owner": "KristianAN",
        "repo": "neovim-flake",
        "type": "github"
      }
    },
    "neovim": {
      "inputs": {
        "flake-utils": "flake-utils_3",
        "nixpkgs": [
          "myNeovimFlake",
          "nixpkgs"
        ]
      },
      "locked": {
        "dir": "contrib",
        "lastModified": 1709078238,
        "narHash": "sha256-7ocMhnJZQpJcfJo0/h5gGX69a6CJYafhG/U0s6wnfWE=",
        "owner": "neovim",
        "repo": "neovim",
        "rev": "a7788c2e251089b4844aac0e6633998bdb017da1",
        "type": "github"
      },
      "original": {
        "dir": "contrib",
        "owner": "neovim",
        "ref": "nightly",
        "repo": "neovim",
        "type": "github"
      }
    },
    "nixpkgs": {
      "locked": {
        "lastModified": 1709158474,
        "narHash": "sha256-y4ltH3fuDSBftZDHtfaH+w40/Qo8EltWmVWW12b1Law=",
        "owner": "NixOS",
        "repo": "nixpkgs",
        "rev": "42c5eca9ebd6eedfe25d815277aa336a3a6048b4",
        "type": "github"
      },
      "original": {
        "owner": "NixOS",
        "repo": "nixpkgs",
        "type": "github"
      }
    },
    "nixpkgs_2": {
      "locked": {
        "lastModified": 1708984720,
        "narHash": "sha256-gJctErLbXx4QZBBbGp78PxtOOzsDaQ+yw1ylNQBuSUY=",
        "owner": "nixos",
        "repo": "nixpkgs",
        "rev": "13aff9b34cc32e59d35c62ac9356e4a41198a538",
        "type": "github"
      },
      "original": {
        "owner": "nixos",
        "ref": "nixos-unstable",
        "repo": "nixpkgs",
        "type": "github"
      }
    },
    "root": {
      "inputs": {
        "copilot-el": "copilot-el",
        "dape": "dape",
        "flake-utils": "flake-utils",
        "home-manager": "home-manager",
        "indent-bars": "indent-bars",
        "myNeovimFlake": "myNeovimFlake",
        "nixpkgs": "nixpkgs_2",
        "scala-cli-repl": "scala-cli-repl",
        "scala-ts-mode": "scala-ts-mode"
      }
    },
    "scala-cli-repl": {
      "flake": false,
      "locked": {
        "lastModified": 1706311260,
        "narHash": "sha256-XWdu4rvoubCNZH3v+cfeWLy0IPxElyPQ4AqdrSZkjaM=",
        "owner": "ag91",
        "repo": "scala-cli-repl",
        "rev": "a6e91851d8617ab340b5cc8bdbd7b93fd89a2316",
        "type": "github"
      },
      "original": {
        "owner": "ag91",
        "repo": "scala-cli-repl",
        "type": "github"
      }
    },
    "scala-ts-mode": {
      "flake": false,
      "locked": {
        "lastModified": 1707845688,
        "narHash": "sha256-vgLcmxvrqCIlEDmrvPEU/gzwhSJwWIVa2Q7dWXw9lRE=",
        "owner": "KaranAhlawat",
        "repo": "scala-ts-mode",
        "rev": "88f9ad9d8800515f47609829df9b2a15dc475eff",
        "type": "github"
      },
      "original": {
        "owner": "KaranAhlawat",
        "repo": "scala-ts-mode",
        "type": "github"
      }
    },
    "systems": {
      "locked": {
        "lastModified": 1681028828,
        "narHash": "sha256-Vy1rq5AaRuLzOxct8nz4T6wlgyUR7zLU309k9mBC768=",
        "owner": "nix-systems",
        "repo": "default",
        "rev": "da67096a3b9bf56a91d16901293e51ba5b49a27e",
        "type": "github"
      },
      "original": {
        "owner": "nix-systems",
        "repo": "default",
        "type": "github"
      }
    },
    "systems_2": {
      "locked": {
        "lastModified": 1681028828,
        "narHash": "sha256-Vy1rq5AaRuLzOxct8nz4T6wlgyUR7zLU309k9mBC768=",
        "owner": "nix-systems",
        "repo": "default",
        "rev": "da67096a3b9bf56a91d16901293e51ba5b49a27e",
        "type": "github"
      },
      "original": {
        "owner": "nix-systems",
        "repo": "default",
        "type": "github"
      }
    },
    "systems_3": {
      "locked": {
        "lastModified": 1681028828,
        "narHash": "sha256-Vy1rq5AaRuLzOxct8nz4T6wlgyUR7zLU309k9mBC768=",
        "owner": "nix-systems",
        "repo": "default",
        "rev": "da67096a3b9bf56a91d16901293e51ba5b49a27e",
        "type": "github"
      },
      "original": {
        "owner": "nix-systems",
        "repo": "default",
        "type": "github"
      }
    }
  },
  "root": "root",
  "version": 7
}
